
Microsoft Visual Studio Solution File, Format Version 12.00
# Visual Studio 15
VisualStudioVersion = 15.0.28307.572
MinimumVisualStudioVersion = 10.0.40219.1
Project("{FAE04EC0-301F-11D3-BF4B-00C04F79EFBC}") = "SchedulerWPF", "SchedulerWPF\SchedulerWPF.csproj", "{B1C19028-95F6-4B10-9A8D-B6EC4B42556B}"
EndProject
Global
	GlobalSection(SolutionConfigurationPlatforms) = preSolution
		Debug|Any CPU = Debug|Any CPU
		Release|Any CPU = Release|Any CPU
	EndGlobalSection
	GlobalSection(ProjectConfigurationPlatforms) = postSolution
		{B1C19028-95F6-4B10-9A8D-B6EC4B42556B}.Debug|Any CPU.ActiveCfg = Debug|Any CPU
		{B1C19028-95F6-4B10-9A8D-B6EC4B42556B}.Debug|Any CPU.Build.0 = Debug|Any CPU
		{B1C19028-95F6-4B10-9A8D-B6EC4B42556B}.Release|Any CPU.ActiveCfg = Release|Any CPU
		{B1C19028-95F6-4B10-9A8D-B6EC4B42556B}.Release|Any CPU.Build.0 = Release|Any CPU
	EndGlobalSection
	GlobalSection(SolutionProperties) = preSolution
		HideSolutionNode = FALSE
	EndGlobalSection
	GlobalSection(ExtensibilityGlobals) = postSolution
		SolutionGuid = {26CD23D7-90CA-4384-83D3-DAA16782B875}
	EndGlobalSection
EndGlobal
